
Microsoft Visual Studio Solution File, Format Version 12.00
# Visual Studio Version 17
VisualStudioVersion = 17.6.33815.320
MinimumVisualStudioVersion = 10.0.40219.1
Project("{9A19103F-16F7-4668-BE54-9A1E7A4F7556}") = "GestionStockHLP", "GestionStockHLP\GestionStockHLP.csproj", "{E32DEB71-E5E1-4558-A077-56F115F1E7BC}"
EndProject
Global
	GlobalSection(SolutionConfigurationPlatforms) = preSolution
		Debug|Any CPU = Debug|Any CPU
		Release|Any CPU = Release|Any CPU
	EndGlobalSection
	GlobalSection(ProjectConfigurationPlatforms) = postSolution
		{E32DEB71-E5E1-4558-A077-56F115F1E7BC}.Debug|Any CPU.ActiveCfg = Debug|Any CPU
		{E32DEB71-E5E1-4558-A077-56F115F1E7BC}.Debug|Any CPU.Build.0 = Debug|Any CPU
		{E32DEB71-E5E1-4558-A077-56F115F1E7BC}.Release|Any CPU.ActiveCfg = Release|Any CPU
		{E32DEB71-E5E1-4558-A077-56F115F1E7BC}.Release|Any CPU.Build.0 = Release|Any CPU
	EndGlobalSection
	GlobalSection(SolutionProperties) = preSolution
		HideSolutionNode = FALSE
	EndGlobalSection
	GlobalSection(ExtensibilityGlobals) = postSolution
		SolutionGuid = {70FB1026-91CB-4244-AE50-D05D4FF0E0B4}
	EndGlobalSection
EndGlobal
